
Microsoft Visual Studio Solution File, Format Version 12.00
# Visual Studio Version 16
VisualStudioVersion = 16.0.31515.178
MinimumVisualStudioVersion = 10.0.40219.1
Project("{FAE04EC0-301F-11D3-BF4B-00C04F79EFBC}") = "PowerPreview", "PowerPreview\PowerPreview.csproj", "{D6BA795B-BC62-43FB-BB47-823967126B03}"
EndProject
Project("{FAE04EC0-301F-11D3-BF4B-00C04F79EFBC}") = "PreviewHandlers", "PreviewHandlers\PreviewHandlers.csproj", "{64A8532B-87C7-44E4-B0CE-399E83758FA9}"
EndProject
Project("{FAE04EC0-301F-11D3-BF4B-00C04F79EFBC}") = "PreviewHandlerTester", "PreviewHandlerTester\PreviewHandlerTester.csproj", "{32FCB48C-A545-4168-A2CB-52A4C1C96FAA}"
EndProject
Project("{54435603-DBB4-11D2-8724-00A0C9A8B90C}") = "PowerPreviewSetup", "PowerPreviewSetup\PowerPreviewSetup.vdproj", "{DA22AAED-919C-4C57-9131-6BCC646EBF6A}"
EndProject
Project("{2150E333-8FDC-42A3-9474-1A3956D46DE8}") = "Test tools", "Test tools", "{A2C3F15B-27BF-4FD6-BC7C-3B9E4AF63A08}"
EndProject
Global
	GlobalSection(SolutionConfigurationPlatforms) = preSolution
		Debug|Any CPU = Debug|Any CPU
		Release|Any CPU = Release|Any CPU
	EndGlobalSection
	GlobalSection(ProjectConfigurationPlatforms) = postSolution
		{D6BA795B-BC62-43FB-BB47-823967126B03}.Debug|Any CPU.ActiveCfg = Debug|Any CPU
		{D6BA795B-BC62-43FB-BB47-823967126B03}.Debug|Any CPU.Build.0 = Debug|Any CPU
		{D6BA795B-BC62-43FB-BB47-823967126B03}.Release|Any CPU.ActiveCfg = Release|Any CPU
		{D6BA795B-BC62-43FB-BB47-823967126B03}.Release|Any CPU.Build.0 = Release|Any CPU
		{64A8532B-87C7-44E4-B0CE-399E83758FA9}.Debug|Any CPU.ActiveCfg = Debug|Any CPU
		{64A8532B-87C7-44E4-B0CE-399E83758FA9}.Debug|Any CPU.Build.0 = Debug|Any CPU
		{64A8532B-87C7-44E4-B0CE-399E83758FA9}.Release|Any CPU.ActiveCfg = Release|Any CPU
		{64A8532B-87C7-44E4-B0CE-399E83758FA9}.Release|Any CPU.Build.0 = Release|Any CPU
		{32FCB48C-A545-4168-A2CB-52A4C1C96FAA}.Debug|Any CPU.ActiveCfg = Debug|Any CPU
		{32FCB48C-A545-4168-A2CB-52A4C1C96FAA}.Debug|Any CPU.Build.0 = Debug|Any CPU
		{32FCB48C-A545-4168-A2CB-52A4C1C96FAA}.Release|Any CPU.ActiveCfg = Release|Any CPU
		{32FCB48C-A545-4168-A2CB-52A4C1C96FAA}.Release|Any CPU.Build.0 = Release|Any CPU
		{DA22AAED-919C-4C57-9131-6BCC646EBF6A}.Debug|Any CPU.ActiveCfg = Debug
		{DA22AAED-919C-4C57-9131-6BCC646EBF6A}.Release|Any CPU.ActiveCfg = Release
	EndGlobalSection
	GlobalSection(SolutionProperties) = preSolution
		HideSolutionNode = FALSE
	EndGlobalSection
	GlobalSection(NestedProjects) = preSolution
		{32FCB48C-A545-4168-A2CB-52A4C1C96FAA} = {A2C3F15B-27BF-4FD6-BC7C-3B9E4AF63A08}
	EndGlobalSection
	GlobalSection(ExtensibilityGlobals) = postSolution
		SolutionGuid = {42B8450A-F37F-436C-86BA-C10A6258B91B}
	EndGlobalSection
EndGlobal
